github.com/site-name/decimal v1.3.0 h1:z0WbTuLm2rN5ewOnKZ+2Q8lSpCajWewCwATEOyXrb+0=
github.com/site-name/decimal v1.3.0/go.mod h1:J/MYbjBTLhIKZVfU3p3zyGdAdrOt3aVgkRSD1hCmitU=
golang.org/x/text v0.16.0 h1:a94ExnEXNtEwYLGJSIUxnWoxoRz/ZcCsV63ROupILh4=
golang.org/x/text v0.16.0/go.mod h1:GhwF1Be+LQoKShO3cGOHzqOgRrGaYc9AvblQOmPVHnI=
